
Microsoft Visual Studio Solution File, Format Version 12.00
# Visual Studio Version 16
VisualStudioVersion = 16.0.30907.101
MinimumVisualStudioVersion = 10.0.40219.1
Project("{9A19103F-16F7-4668-BE54-9A1E7A4F7556}") = "CurrenciesLib", "CurrenciesLib.csproj", "{A6F30BDE-062C-42B4-BD00-6D9CCBA38EAE}"
EndProject
Global
	GlobalSection(SolutionConfigurationPlatforms) = preSolution
		Debug|Any CPU = Debug|Any CPU
		Release|Any CPU = Release|Any CPU
	EndGlobalSection
	GlobalSection(ProjectConfigurationPlatforms) = postSolution
		{A6F30BDE-062C-42B4-BD00-6D9CCBA38EAE}.Debug|Any CPU.ActiveCfg = Debug|Any CPU
		{A6F30BDE-062C-42B4-BD00-6D9CCBA38EAE}.Debug|Any CPU.Build.0 = Debug|Any CPU
		{A6F30BDE-062C-42B4-BD00-6D9CCBA38EAE}.Release|Any CPU.ActiveCfg = Release|Any CPU
		{A6F30BDE-062C-42B4-BD00-6D9CCBA38EAE}.Release|Any CPU.Build.0 = Release|Any CPU
	EndGlobalSection
	GlobalSection(SolutionProperties) = preSolution
		HideSolutionNode = FALSE
	EndGlobalSection
	GlobalSection(ExtensibilityGlobals) = postSolution
		SolutionGuid = {E590D5A3-8BDB-475F-ABA0-CCE8B26FF31C}
	EndGlobalSection
EndGlobal
